
Microsoft Visual Studio Solution File, Format Version 12.00
# Visual Studio Version 17
VisualStudioVersion = 17.6.33801.468
MinimumVisualStudioVersion = 10.0.40219.1
Project("{FAE04EC0-301F-11D3-BF4B-00C04F79EFBC}") = "Lab02-Q4", "Lab02-Q4\Lab02-Q4.csproj", "{690060E7-332D-4AE3-B052-69D7728E6F57}"
EndProject
Global
	GlobalSection(SolutionConfigurationPlatforms) = preSolution
		Debug|Any CPU = Debug|Any CPU
		Release|Any CPU = Release|Any CPU
	EndGlobalSection
	GlobalSection(ProjectConfigurationPlatforms) = postSolution
		{690060E7-332D-4AE3-B052-69D7728E6F57}.Debug|Any CPU.ActiveCfg = Debug|Any CPU
		{690060E7-332D-4AE3-B052-69D7728E6F57}.Debug|Any CPU.Build.0 = Debug|Any CPU
		{690060E7-332D-4AE3-B052-69D7728E6F57}.Release|Any CPU.ActiveCfg = Release|Any CPU
		{690060E7-332D-4AE3-B052-69D7728E6F57}.Release|Any CPU.Build.0 = Release|Any CPU
	EndGlobalSection
	GlobalSection(SolutionProperties) = preSolution
		HideSolutionNode = FALSE
	EndGlobalSection
	GlobalSection(ExtensibilityGlobals) = postSolution
		SolutionGuid = {EB451AF5-9D19-4FF0-8BD2-420A43808858}
	EndGlobalSection
EndGlobal
