
Microsoft Visual Studio Solution File, Format Version 12.00
# Visual Studio Version 17
VisualStudioVersion = 17.6.33801.468
MinimumVisualStudioVersion = 10.0.40219.1
Project("{FAE04EC0-301F-11D3-BF4B-00C04F79EFBC}") = "Lab04-Q1(1)", "Lab04-Q1(1)\Lab04-Q1(1).csproj", "{AC0DB4C7-47D5-4208-980F-E8DBCFFC04B7}"
EndProject
Global
	GlobalSection(SolutionConfigurationPlatforms) = preSolution
		Debug|Any CPU = Debug|Any CPU
		Release|Any CPU = Release|Any CPU
	EndGlobalSection
	GlobalSection(ProjectConfigurationPlatforms) = postSolution
		{AC0DB4C7-47D5-4208-980F-E8DBCFFC04B7}.Debug|Any CPU.ActiveCfg = Debug|Any CPU
		{AC0DB4C7-47D5-4208-980F-E8DBCFFC04B7}.Debug|Any CPU.Build.0 = Debug|Any CPU
		{AC0DB4C7-47D5-4208-980F-E8DBCFFC04B7}.Release|Any CPU.ActiveCfg = Release|Any CPU
		{AC0DB4C7-47D5-4208-980F-E8DBCFFC04B7}.Release|Any CPU.Build.0 = Release|Any CPU
	EndGlobalSection
	GlobalSection(SolutionProperties) = preSolution
		HideSolutionNode = FALSE
	EndGlobalSection
	GlobalSection(ExtensibilityGlobals) = postSolution
		SolutionGuid = {DE5B6B7B-E207-4A4D-BA64-A5597E9CA757}
	EndGlobalSection
EndGlobal
