
Microsoft Visual Studio Solution File, Format Version 12.00
# Visual Studio Version 17
VisualStudioVersion = 17.6.33801.468
MinimumVisualStudioVersion = 10.0.40219.1
Project("{FAE04EC0-301F-11D3-BF4B-00C04F79EFBC}") = "Lab02-Q1", "Lab02-Q1\Lab02-Q1.csproj", "{ABEB916D-1F86-4196-A628-AD899383D3EC}"
EndProject
Global
	GlobalSection(SolutionConfigurationPlatforms) = preSolution
		Debug|Any CPU = Debug|Any CPU
		Release|Any CPU = Release|Any CPU
	EndGlobalSection
	GlobalSection(ProjectConfigurationPlatforms) = postSolution
		{ABEB916D-1F86-4196-A628-AD899383D3EC}.Debug|Any CPU.ActiveCfg = Debug|Any CPU
		{ABEB916D-1F86-4196-A628-AD899383D3EC}.Debug|Any CPU.Build.0 = Debug|Any CPU
		{ABEB916D-1F86-4196-A628-AD899383D3EC}.Release|Any CPU.ActiveCfg = Release|Any CPU
		{ABEB916D-1F86-4196-A628-AD899383D3EC}.Release|Any CPU.Build.0 = Release|Any CPU
	EndGlobalSection
	GlobalSection(SolutionProperties) = preSolution
		HideSolutionNode = FALSE
	EndGlobalSection
	GlobalSection(ExtensibilityGlobals) = postSolution
		SolutionGuid = {600A6388-47DE-46A2-85F1-E54758F741EA}
	EndGlobalSection
EndGlobal
