
Microsoft Visual Studio Solution File, Format Version 12.00
# Visual Studio Version 17
VisualStudioVersion = 17.6.33801.468
MinimumVisualStudioVersion = 10.0.40219.1
Project("{FAE04EC0-301F-11D3-BF4B-00C04F79EFBC}") = "Lab02-Q3", "Lab02-Q3\Lab02-Q3.csproj", "{2795975A-BF48-4590-A286-DC5A436CE4ED}"
EndProject
Global
	GlobalSection(SolutionConfigurationPlatforms) = preSolution
		Debug|Any CPU = Debug|Any CPU
		Release|Any CPU = Release|Any CPU
	EndGlobalSection
	GlobalSection(ProjectConfigurationPlatforms) = postSolution
		{2795975A-BF48-4590-A286-DC5A436CE4ED}.Debug|Any CPU.ActiveCfg = Debug|Any CPU
		{2795975A-BF48-4590-A286-DC5A436CE4ED}.Debug|Any CPU.Build.0 = Debug|Any CPU
		{2795975A-BF48-4590-A286-DC5A436CE4ED}.Release|Any CPU.ActiveCfg = Release|Any CPU
		{2795975A-BF48-4590-A286-DC5A436CE4ED}.Release|Any CPU.Build.0 = Release|Any CPU
	EndGlobalSection
	GlobalSection(SolutionProperties) = preSolution
		HideSolutionNode = FALSE
	EndGlobalSection
	GlobalSection(ExtensibilityGlobals) = postSolution
		SolutionGuid = {A6169E55-9850-4C02-B5FF-4A8E60B75A3D}
	EndGlobalSection
EndGlobal
