
Microsoft Visual Studio Solution File, Format Version 12.00
# Visual Studio Version 17
VisualStudioVersion = 17.6.33801.468
MinimumVisualStudioVersion = 10.0.40219.1
Project("{FAE04EC0-301F-11D3-BF4B-00C04F79EFBC}") = "Q4#", "Q4#\Q4#.csproj", "{3C2DE8B3-2C9A-4A71-B6F3-21FC8C685D0F}"
EndProject
Global
	GlobalSection(SolutionConfigurationPlatforms) = preSolution
		Debug|Any CPU = Debug|Any CPU
		Release|Any CPU = Release|Any CPU
	EndGlobalSection
	GlobalSection(ProjectConfigurationPlatforms) = postSolution
		{3C2DE8B3-2C9A-4A71-B6F3-21FC8C685D0F}.Debug|Any CPU.ActiveCfg = Debug|Any CPU
		{3C2DE8B3-2C9A-4A71-B6F3-21FC8C685D0F}.Debug|Any CPU.Build.0 = Debug|Any CPU
		{3C2DE8B3-2C9A-4A71-B6F3-21FC8C685D0F}.Release|Any CPU.ActiveCfg = Release|Any CPU
		{3C2DE8B3-2C9A-4A71-B6F3-21FC8C685D0F}.Release|Any CPU.Build.0 = Release|Any CPU
	EndGlobalSection
	GlobalSection(SolutionProperties) = preSolution
		HideSolutionNode = FALSE
	EndGlobalSection
	GlobalSection(ExtensibilityGlobals) = postSolution
		SolutionGuid = {01549A24-1923-4A1C-802D-E558167726AF}
	EndGlobalSection
EndGlobal
